
Microsoft Visual Studio Solution File, Format Version 12.00
# Visual Studio Version 17
VisualStudioVersion = 17.2.32516.85
MinimumVisualStudioVersion = 10.0.40219.1
Project("{9A19103F-16F7-4668-BE54-9A1E7A4F7556}") = "ClientSocketApp", "ConsoleApp3\ClientSocketApp.csproj", "{8815EC0B-17B1-4A82-858A-7C60BC81792F}"
EndProject
Project("{9A19103F-16F7-4668-BE54-9A1E7A4F7556}") = "ServerSocketApp", "ConsoleApp4\ServerSocketApp.csproj", "{50479AF1-B9DB-4B61-BD33-E496B0B9C8B7}"
EndProject
Project("{9A19103F-16F7-4668-BE54-9A1E7A4F7556}") = "UDPServer", "UDPServer\UDPServer.csproj", "{0E25BAAB-0BAD-454C-808F-53336B49CA9B}"
EndProject
Project("{9A19103F-16F7-4668-BE54-9A1E7A4F7556}") = "UDPClient", "UDPClient\UDPClient.csproj", "{9DC99CF3-6E0B-4870-9A93-5316547AAC63}"
EndProject
Project("{9A19103F-16F7-4668-BE54-9A1E7A4F7556}") = "MessageTCPServer", "MessageTCPServer\MessageTCPServer.csproj", "{B7DE3565-971C-45AC-8D4D-412755AFC89D}"
EndProject
Project("{9A19103F-16F7-4668-BE54-9A1E7A4F7556}") = "Client", "Client\Client.csproj", "{748EA107-3760-426D-91D0-46C248A2E4CF}"
EndProject
Project("{2150E333-8FDC-42A3-9474-1A3956D46DE8}") = "TCPSocket", "TCPSocket", "{ADA21ADE-BA44-4BB5-8D16-186E54EEFACA}"
EndProject
Project("{2150E333-8FDC-42A3-9474-1A3956D46DE8}") = "Multiple Client TCP", "Multiple Client TCP", "{4E4C45C2-D543-461C-BD7A-809B0DFFE0A0}"
EndProject
Project("{2150E333-8FDC-42A3-9474-1A3956D46DE8}") = "UDP", "UDP", "{1FD2BA0D-BB75-4574-B72B-FC9CCC6B8B73}"
EndProject
Project("{9A19103F-16F7-4668-BE54-9A1E7A4F7556}") = "WebSocket", "WebSocket\WebSocket.csproj", "{6760325D-8E43-45FB-A8D3-B32ED3229DF9}"
EndProject
Project("{2150E333-8FDC-42A3-9474-1A3956D46DE8}") = "SignalR", "SignalR", "{07FEBB90-FF98-4F3B-A293-24AD8CE8E988}"
EndProject
Project("{FAE04EC0-301F-11D3-BF4B-00C04F79EFBC}") = "SignalRServerExample", "SignalRServerExample\SignalRServerExample.csproj", "{D1F429C3-DA6F-4E62-A4DF-6D737060F8DB}"
EndProject
Global
	GlobalSection(SolutionConfigurationPlatforms) = preSolution
		Debug|Any CPU = Debug|Any CPU
		Release|Any CPU = Release|Any CPU
	EndGlobalSection
	GlobalSection(ProjectConfigurationPlatforms) = postSolution
		{8815EC0B-17B1-4A82-858A-7C60BC81792F}.Debug|Any CPU.ActiveCfg = Debug|Any CPU
		{8815EC0B-17B1-4A82-858A-7C60BC81792F}.Debug|Any CPU.Build.0 = Debug|Any CPU
		{8815EC0B-17B1-4A82-858A-7C60BC81792F}.Release|Any CPU.ActiveCfg = Release|Any CPU
		{8815EC0B-17B1-4A82-858A-7C60BC81792F}.Release|Any CPU.Build.0 = Release|Any CPU
		{50479AF1-B9DB-4B61-BD33-E496B0B9C8B7}.Debug|Any CPU.ActiveCfg = Debug|Any CPU
		{50479AF1-B9DB-4B61-BD33-E496B0B9C8B7}.Debug|Any CPU.Build.0 = Debug|Any CPU
		{50479AF1-B9DB-4B61-BD33-E496B0B9C8B7}.Release|Any CPU.ActiveCfg = Release|Any CPU
		{50479AF1-B9DB-4B61-BD33-E496B0B9C8B7}.Release|Any CPU.Build.0 = Release|Any CPU
		{0E25BAAB-0BAD-454C-808F-53336B49CA9B}.Debug|Any CPU.ActiveCfg = Debug|Any CPU
		{0E25BAAB-0BAD-454C-808F-53336B49CA9B}.Debug|Any CPU.Build.0 = Debug|Any CPU
		{0E25BAAB-0BAD-454C-808F-53336B49CA9B}.Release|Any CPU.ActiveCfg = Release|Any CPU
		{0E25BAAB-0BAD-454C-808F-53336B49CA9B}.Release|Any CPU.Build.0 = Release|Any CPU
		{9DC99CF3-6E0B-4870-9A93-5316547AAC63}.Debug|Any CPU.ActiveCfg = Debug|Any CPU
		{9DC99CF3-6E0B-4870-9A93-5316547AAC63}.Debug|Any CPU.Build.0 = Debug|Any CPU
		{9DC99CF3-6E0B-4870-9A93-5316547AAC63}.Release|Any CPU.ActiveCfg = Release|Any CPU
		{9DC99CF3-6E0B-4870-9A93-5316547AAC63}.Release|Any CPU.Build.0 = Release|Any CPU
		{B7DE3565-971C-45AC-8D4D-412755AFC89D}.Debug|Any CPU.ActiveCfg = Debug|Any CPU
		{B7DE3565-971C-45AC-8D4D-412755AFC89D}.Debug|Any CPU.Build.0 = Debug|Any CPU
		{B7DE3565-971C-45AC-8D4D-412755AFC89D}.Release|Any CPU.ActiveCfg = Release|Any CPU
		{B7DE3565-971C-45AC-8D4D-412755AFC89D}.Release|Any CPU.Build.0 = Release|Any CPU
		{748EA107-3760-426D-91D0-46C248A2E4CF}.Debug|Any CPU.ActiveCfg = Debug|Any CPU
		{748EA107-3760-426D-91D0-46C248A2E4CF}.Debug|Any CPU.Build.0 = Debug|Any CPU
		{748EA107-3760-426D-91D0-46C248A2E4CF}.Release|Any CPU.ActiveCfg = Release|Any CPU
		{748EA107-3760-426D-91D0-46C248A2E4CF}.Release|Any CPU.Build.0 = Release|Any CPU
		{6760325D-8E43-45FB-A8D3-B32ED3229DF9}.Debug|Any CPU.ActiveCfg = Debug|Any CPU
		{6760325D-8E43-45FB-A8D3-B32ED3229DF9}.Debug|Any CPU.Build.0 = Debug|Any CPU
		{6760325D-8E43-45FB-A8D3-B32ED3229DF9}.Release|Any CPU.ActiveCfg = Release|Any CPU
		{6760325D-8E43-45FB-A8D3-B32ED3229DF9}.Release|Any CPU.Build.0 = Release|Any CPU
		{D1F429C3-DA6F-4E62-A4DF-6D737060F8DB}.Debug|Any CPU.ActiveCfg = Debug|Any CPU
		{D1F429C3-DA6F-4E62-A4DF-6D737060F8DB}.Debug|Any CPU.Build.0 = Debug|Any CPU
		{D1F429C3-DA6F-4E62-A4DF-6D737060F8DB}.Release|Any CPU.ActiveCfg = Release|Any CPU
		{D1F429C3-DA6F-4E62-A4DF-6D737060F8DB}.Release|Any CPU.Build.0 = Release|Any CPU
	EndGlobalSection
	GlobalSection(SolutionProperties) = preSolution
		HideSolutionNode = FALSE
	EndGlobalSection
	GlobalSection(NestedProjects) = preSolution
		{8815EC0B-17B1-4A82-858A-7C60BC81792F} = {ADA21ADE-BA44-4BB5-8D16-186E54EEFACA}
		{50479AF1-B9DB-4B61-BD33-E496B0B9C8B7} = {ADA21ADE-BA44-4BB5-8D16-186E54EEFACA}
		{0E25BAAB-0BAD-454C-808F-53336B49CA9B} = {1FD2BA0D-BB75-4574-B72B-FC9CCC6B8B73}
		{9DC99CF3-6E0B-4870-9A93-5316547AAC63} = {1FD2BA0D-BB75-4574-B72B-FC9CCC6B8B73}
		{B7DE3565-971C-45AC-8D4D-412755AFC89D} = {4E4C45C2-D543-461C-BD7A-809B0DFFE0A0}
		{748EA107-3760-426D-91D0-46C248A2E4CF} = {4E4C45C2-D543-461C-BD7A-809B0DFFE0A0}
		{D1F429C3-DA6F-4E62-A4DF-6D737060F8DB} = {07FEBB90-FF98-4F3B-A293-24AD8CE8E988}
	EndGlobalSection
	GlobalSection(ExtensibilityGlobals) = postSolution
		SolutionGuid = {5BDAFF19-BC22-4B72-AB0F-D4A44324CB03}
	EndGlobalSection
EndGlobal
